{
  "object": {
    "pins": [
      {
        "package": "AppResources",
        "repositoryURL": "https://github.com/risinggalaxy/AppResources",
        "state": {
          "branch": null,
          "revision": "42f910c12654718e362899310dbacc7b6b567d12",
          "version": "1.1.2"
        }
      }
    ]
  },
  "version": 1
}
